
Microsoft Visual Studio Solution File, Format Version 12.00
# Visual Studio 15
VisualStudioVersion = 15.0.26430.16
MinimumVisualStudioVersion = 10.0.40219.1
Project("{FAE04EC0-301F-11D3-BF4B-00C04F79EFBC}") = "AnyBind", "AnyBind\AnyBind.csproj", "{EA7B50A8-FD7B-4A14-98BD-3C466803F2B1}"
EndProject
Project("{FAE04EC0-301F-11D3-BF4B-00C04F79EFBC}") = "AnyBind.Tests", "AnyBind.Tests\AnyBind.Tests.csproj", "{09929117-C40E-4801-968D-E685D0018F92}"
EndProject
Global
	GlobalSection(SolutionConfigurationPlatforms) = preSolution
		Debug|Any CPU = Debug|Any CPU
		Release|Any CPU = Release|Any CPU
	EndGlobalSection
	GlobalSection(ProjectConfigurationPlatforms) = postSolution
		{EA7B50A8-FD7B-4A14-98BD-3C466803F2B1}.Debug|Any CPU.ActiveCfg = Debug|Any CPU
		{EA7B50A8-FD7B-4A14-98BD-3C466803F2B1}.Debug|Any CPU.Build.0 = Debug|Any CPU
		{EA7B50A8-FD7B-4A14-98BD-3C466803F2B1}.Release|Any CPU.ActiveCfg = Release|Any CPU
		{EA7B50A8-FD7B-4A14-98BD-3C466803F2B1}.Release|Any CPU.Build.0 = Release|Any CPU
		{09929117-C40E-4801-968D-E685D0018F92}.Debug|Any CPU.ActiveCfg = Debug|Any CPU
		{09929117-C40E-4801-968D-E685D0018F92}.Debug|Any CPU.Build.0 = Debug|Any CPU
		{09929117-C40E-4801-968D-E685D0018F92}.Release|Any CPU.ActiveCfg = Release|Any CPU
		{09929117-C40E-4801-968D-E685D0018F92}.Release|Any CPU.Build.0 = Release|Any CPU
	EndGlobalSection
	GlobalSection(SolutionProperties) = preSolution
		HideSolutionNode = FALSE
	EndGlobalSection
EndGlobal
